{
  "name": "tln-wol",
  "version": "1.0.0",
  "lockfileVersion": 1,
  "requires": true,
  "dependencies": {
    "minimist": {
      "version": "1.2.5",
      "resolved": "https://registry.npmjs.org/minimist/-/minimist-1.2.5.tgz",
      "integrity": "sha512-FM9nNUYrRBAELZQT3xeZQ7fmMOBg6nWNmJKTcgsJeaLstP/UODVpGsr5OhXhhXg6f+qtJ8uiZ+PUxkDWcgIXLw=="
    },
    "ping": {
      "version": "0.4.0",
      "resolved": "https://registry.npmjs.org/ping/-/ping-0.4.0.tgz",
      "integrity": "sha512-qymcd5Bwv74b9o7qzAduN8wffr3ba11ZLBjY6gPQR2LpQ++9He8keSRFSaBb3OcR4SvXCWhi9VbLD1ycUNhz9Q==",
      "requires": {
        "q": "1.x",
        "underscore": "^1.12.0"
      }
    },
    "q": {
      "version": "1.5.1",
      "resolved": "https://registry.npmjs.org/q/-/q-1.5.1.tgz",
      "integrity": "sha1-fjL3W0E4EpHQRhHxvxQQmsAGUdc="
    },
    "underscore": {
      "version": "1.12.0",
      "resolved": "https://registry.npmjs.org/underscore/-/underscore-1.12.0.tgz",
      "integrity": "sha512-21rQzss/XPMjolTiIezSu3JAjgagXKROtNrYFEOWK109qY1Uv2tVjPTZ1ci2HgvQDA16gHYSthQIJfB+XId/rQ=="
    },
    "wake_on_lan": {
      "version": "1.0.0",
      "resolved": "https://registry.npmjs.org/wake_on_lan/-/wake_on_lan-1.0.0.tgz",
      "integrity": "sha1-UWUZ7lq0GmUteci9VwT85uzUzbI=",
      "requires": {
        "minimist": "^1.2.0"
      }
    }
  }
}
